
Microsoft Visual Studio Solution File, Format Version 12.00
# Visual Studio Version 17
VisualStudioVersion = 17.4.33205.214
MinimumVisualStudioVersion = 10.0.40219.1
Project("{FAE04EC0-301F-11D3-BF4B-00C04F79EFBC}") = "testAzureApp", "testAzureApp\testAzureApp.csproj", "{B05C420E-5D20-4325-B350-DEB695AD9563}"
EndProject
Global
	GlobalSection(SolutionConfigurationPlatforms) = preSolution
		Debug|Any CPU = Debug|Any CPU
		Release|Any CPU = Release|Any CPU
	EndGlobalSection
	GlobalSection(ProjectConfigurationPlatforms) = postSolution
		{B05C420E-5D20-4325-B350-DEB695AD9563}.Debug|Any CPU.ActiveCfg = Debug|Any CPU
		{B05C420E-5D20-4325-B350-DEB695AD9563}.Debug|Any CPU.Build.0 = Debug|Any CPU
		{B05C420E-5D20-4325-B350-DEB695AD9563}.Release|Any CPU.ActiveCfg = Release|Any CPU
		{B05C420E-5D20-4325-B350-DEB695AD9563}.Release|Any CPU.Build.0 = Release|Any CPU
	EndGlobalSection
	GlobalSection(SolutionProperties) = preSolution
		HideSolutionNode = FALSE
	EndGlobalSection
	GlobalSection(ExtensibilityGlobals) = postSolution
		SolutionGuid = {C46EE243-1402-4140-BCA3-1A5F226CAD37}
	EndGlobalSection
EndGlobal
